
Microsoft Visual Studio Solution File, Format Version 12.00
Project("{FAE04EC0-301F-11D3-BF4B-00C04F79EFBC}") = "PricingApi", "PricingApi\PricingApi.csproj", "{614BD976-179E-4804-B9AD-E26419B2B858}"
EndProject
Project("{FAE04EC0-301F-11D3-BF4B-00C04F79EFBC}") = "ProductApi", "ProductApi\ProductApi.csproj", "{5F17205A-3CBC-49D0-8635-CA75189075F8}"
EndProject
Global
	GlobalSection(SolutionConfigurationPlatforms) = preSolution
		Debug|Any CPU = Debug|Any CPU
		Release|Any CPU = Release|Any CPU
	EndGlobalSection
	GlobalSection(ProjectConfigurationPlatforms) = postSolution
		{614BD976-179E-4804-B9AD-E26419B2B858}.Debug|Any CPU.ActiveCfg = Debug|Any CPU
		{614BD976-179E-4804-B9AD-E26419B2B858}.Debug|Any CPU.Build.0 = Debug|Any CPU
		{614BD976-179E-4804-B9AD-E26419B2B858}.Release|Any CPU.ActiveCfg = Release|Any CPU
		{614BD976-179E-4804-B9AD-E26419B2B858}.Release|Any CPU.Build.0 = Release|Any CPU
		{5F17205A-3CBC-49D0-8635-CA75189075F8}.Debug|Any CPU.ActiveCfg = Debug|Any CPU
		{5F17205A-3CBC-49D0-8635-CA75189075F8}.Debug|Any CPU.Build.0 = Debug|Any CPU
		{5F17205A-3CBC-49D0-8635-CA75189075F8}.Release|Any CPU.ActiveCfg = Release|Any CPU
		{5F17205A-3CBC-49D0-8635-CA75189075F8}.Release|Any CPU.Build.0 = Release|Any CPU
	EndGlobalSection
EndGlobal
